
Microsoft Visual Studio Solution File, Format Version 12.00
# Visual Studio Version 16
VisualStudioVersion = 16.0.29728.190
MinimumVisualStudioVersion = 10.0.40219.1
Project("{FAE04EC0-301F-11D3-BF4B-00C04F79EFBC}") = "ExcercisesWeek2Sem2", "ExcercisesWeek2Sem2\ExcercisesWeek2Sem2.csproj", "{491BC2F2-0037-49FA-AA9D-8213C8B4B397}"
EndProject
Global
	GlobalSection(SolutionConfigurationPlatforms) = preSolution
		Debug|Any CPU = Debug|Any CPU
		Release|Any CPU = Release|Any CPU
	EndGlobalSection
	GlobalSection(ProjectConfigurationPlatforms) = postSolution
		{491BC2F2-0037-49FA-AA9D-8213C8B4B397}.Debug|Any CPU.ActiveCfg = Debug|Any CPU
		{491BC2F2-0037-49FA-AA9D-8213C8B4B397}.Debug|Any CPU.Build.0 = Debug|Any CPU
		{491BC2F2-0037-49FA-AA9D-8213C8B4B397}.Release|Any CPU.ActiveCfg = Release|Any CPU
		{491BC2F2-0037-49FA-AA9D-8213C8B4B397}.Release|Any CPU.Build.0 = Release|Any CPU
	EndGlobalSection
	GlobalSection(SolutionProperties) = preSolution
		HideSolutionNode = FALSE
	EndGlobalSection
	GlobalSection(ExtensibilityGlobals) = postSolution
		SolutionGuid = {C2BF357B-7380-433A-9A43-7E82584A1FB3}
	EndGlobalSection
EndGlobal
